# This file is @generated by PDM.
# It is not intended for manual editing.

[metadata]
groups = ["default"]
strategy = ["inherit_metadata"]
lock_version = "4.5.0"
content_hash = "sha256:1aeab1ff1a347532972ce1784fd92e93e277b1815a6e7cee7b1242efcfebc4b9"

[[metadata.targets]]
requires_python = ">=3.13"

[[package]]
name = "annotated-types"
version = "0.7.0"
requires_python = ">=3.8"
summary = "Reusable constraint types to use with typing.Annotated"
groups = ["default"]
dependencies = [
    "typing-extensions>=4.0.0; python_version < \"3.9\"",
]
files = [
    {file = "annotated_types-0.7.0-py3-none-any.whl", hash = "sha256:1f02e8b43a8fbbc3f3e0d4f0f4bfc8131bcb4eebe8849b8e5c773f3a1c582a53"},
    {file = "annotated_types-0.7.0.tar.gz", hash = "sha256:aff07c09a53a08bc8cfccb9c85b05f1aa9a2a6f23728d790723543408344ce89"},
]

[[package]]
name = "anyio"
version = "4.7.0"
requires_python = ">=3.9"
summary = "High level compatibility layer for multiple asynchronous event loop implementations"
groups = ["default"]
dependencies = [
    "exceptiongroup>=1.0.2; python_version < \"3.11\"",
    "idna>=2.8",
    "sniffio>=1.1",
    "typing-extensions>=4.5; python_version < \"3.13\"",
]
files = [
    {file = "anyio-4.7.0-py3-none-any.whl", hash = "sha256:ea60c3723ab42ba6fff7e8ccb0488c898ec538ff4df1f1d5e642c3601d07e352"},
    {file = "anyio-4.7.0.tar.gz", hash = "sha256:2f834749c602966b7d456a7567cafcb309f96482b5081d14ac93ccd457f9dd48"},
]

[[package]]
name = "certifi"
version = "2024.8.30"
requires_python = ">=3.6"
summary = "Python package for providing Mozilla's CA Bundle."
groups = ["default"]
files = [
    {file = "certifi-2024.8.30-py3-none-any.whl", hash = "sha256:922820b53db7a7257ffbda3f597266d435245903d80737e34f8a45ff3e3230d8"},
    {file = "certifi-2024.8.30.tar.gz", hash = "sha256:bec941d2aa8195e248a60b31ff9f0558284cf01a52591ceda73ea9afffd69fd9"},
]

[[package]]
name = "click"
version = "8.1.7"
requires_python = ">=3.7"
summary = "Composable command line interface toolkit"
groups = ["default"]
dependencies = [
    "colorama; platform_system == \"Windows\"",
    "importlib-metadata; python_version < \"3.8\"",
]
files = [
    {file = "click-8.1.7-py3-none-any.whl", hash = "sha256:ae74fb96c20a0277a1d615f1e4d73c8414f5a98db8b799a7931d1582f3390c28"},
    {file = "click-8.1.7.tar.gz", hash = "sha256:ca9853ad459e787e2192211578cc907e7594e294c7ccc834310722b41b9ca6de"},
]

[[package]]
name = "colorama"
version = "0.4.6"
requires_python = "!=3.0.*,!=3.1.*,!=3.2.*,!=3.3.*,!=3.4.*,!=3.5.*,!=3.6.*,>=2.7"
summary = "Cross-platform colored terminal text."
groups = ["default"]
marker = "sys_platform == \"win32\" or platform_system == \"Windows\""
files = [
    {file = "colorama-0.4.6-py2.py3-none-any.whl", hash = "sha256:4f1d9991f5acc0ca119f9d443620b77f9d6b33703e51011c16baf57afb285fc6"},
    {file = "colorama-0.4.6.tar.gz", hash = "sha256:08695f5cb7ed6e0531a20572697297273c47b8cae5a63ffc6d6ed5c201be6e44"},
]

[[package]]
name = "fastapi"
version = "0.115.6"
requires_python = ">=3.8"
summary = "FastAPI framework, high performance, easy to learn, fast to code, ready for production"
groups = ["default"]
dependencies = [
    "pydantic!=1.8,!=1.8.1,!=2.0.0,!=2.0.1,!=2.1.0,<3.0.0,>=1.7.4",
    "starlette<0.42.0,>=0.40.0",
    "typing-extensions>=4.8.0",
]
files = [
    {file = "fastapi-0.115.6-py3-none-any.whl", hash = "sha256:e9240b29e36fa8f4bb7290316988e90c381e5092e0cbe84e7818cc3713bcf305"},
    {file = "fastapi-0.115.6.tar.gz", hash = "sha256:9ec46f7addc14ea472958a96aae5b5de65f39721a46aaf5705c480d9a8b76654"},
]

[[package]]
name = "h11"
version = "0.14.0"
requires_python = ">=3.7"
summary = "A pure-Python, bring-your-own-I/O implementation of HTTP/1.1"
groups = ["default"]
dependencies = [
    "typing-extensions; python_version < \"3.8\"",
]
files = [
    {file = "h11-0.14.0-py3-none-any.whl", hash = "sha256:e3fe4ac4b851c468cc8363d500db52c2ead036020723024a109d37346efaa761"},
    {file = "h11-0.14.0.tar.gz", hash = "sha256:8f19fbbe99e72420ff35c00b27a34cb9937e902a8b810e2c88300c6f0a3b699d"},
]

[[package]]
name = "httpcore"
version = "1.0.7"
requires_python = ">=3.8"
summary = "A minimal low-level HTTP client."
groups = ["default"]
dependencies = [
    "certifi",
    "h11<0.15,>=0.13",
]
files = [
    {file = "httpcore-1.0.7-py3-none-any.whl", hash = "sha256:a3fff8f43dc260d5bd363d9f9cf1830fa3a458b332856f34282de498ed420edd"},
    {file = "httpcore-1.0.7.tar.gz", hash = "sha256:8551cb62a169ec7162ac7be8d4817d561f60e08eaa485234898414bb5a8a0b4c"},
]

[[package]]
name = "httptools"
version = "0.6.4"
requires_python = ">=3.8.0"
summary = "A collection of framework independent HTTP protocol utils."
groups = ["default"]
files = [
    {file = "httptools-0.6.4-cp313-cp313-macosx_10_13_universal2.whl", hash = "sha256:ade273d7e767d5fae13fa637f4d53b6e961fb7fd93c7797562663f0171c26660"},
    {file = "httptools-0.6.4-cp313-cp313-macosx_11_0_arm64.whl", hash = "sha256:856f4bc0478ae143bad54a4242fccb1f3f86a6e1be5548fecfd4102061b3a083"},
    {file = "httptools-0.6.4-cp313-cp313-manylinux_2_17_aarch64.manylinux2014_aarch64.whl", hash = "sha256:322d20ea9cdd1fa98bd6a74b77e2ec5b818abdc3d36695ab402a0de8ef2865a3"},
    {file = "httptools-0.6.4-cp313-cp313-manylinux_2_5_x86_64.manylinux1_x86_64.manylinux_2_17_x86_64.manylinux2014_x86_64.whl", hash = "sha256:4d87b29bd4486c0093fc64dea80231f7c7f7eb4dc70ae394d70a495ab8436071"},
    {file = "httptools-0.6.4-cp313-cp313-musllinux_1_2_aarch64.whl", hash = "sha256:342dd6946aa6bda4b8f18c734576106b8a31f2fe31492881a9a160ec84ff4bd5"},
    {file = "httptools-0.6.4-cp313-cp313-musllinux_1_2_x86_64.whl", hash = "sha256:4b36913ba52008249223042dca46e69967985fb4051951f94357ea681e1f5dc0"},
    {file = "httptools-0.6.4-cp313-cp313-win_amd64.whl", hash = "sha256:28908df1b9bb8187393d5b5db91435ccc9c8e891657f9cbb42a2541b44c82fc8"},
    {file = "httptools-0.6.4.tar.gz", hash = "sha256:4e93eee4add6493b59a5c514da98c939b244fce4a0d8879cd3f466562f4b7d5c"},
]

[[package]]
name = "httpx"
version = "0.28.1"
requires_python = ">=3.8"
summary = "The next generation HTTP client."
groups = ["default"]
dependencies = [
    "anyio",
    "certifi",
    "httpcore==1.*",
    "idna",
]
files = [
    {file = "httpx-0.28.1-py3-none-any.whl", hash = "sha256:d909fcccc110f8c7faf814ca82a9a4d816bc5a6dbfea25d6591d6985b8ba59ad"},
    {file = "httpx-0.28.1.tar.gz", hash = "sha256:75e98c5f16b0f35b567856f597f06ff2270a374470a5c2392242528e3e3e42fc"},
]

[[package]]
name = "idna"
version = "3.10"
requires_python = ">=3.6"
summary = "Internationalized Domain Names in Applications (IDNA)"
groups = ["default"]
files = [
    {file = "idna-3.10-py3-none-any.whl", hash = "sha256:946d195a0d259cbba61165e88e65941f16e9b36ea6ddb97f00452bae8b1287d3"},
    {file = "idna-3.10.tar.gz", hash = "sha256:12f65c9b470abda6dc35cf8e63cc574b1c52b11df2c86030af0ac09b01b13ea9"},
]

[[package]]
name = "pydantic"
version = "2.10.3"
requires_python = ">=3.8"
summary = "Data validation using Python type hints"
groups = ["default"]
dependencies = [
    "annotated-types>=0.6.0",
    "pydantic-core==2.27.1",
    "typing-extensions>=4.12.2",
]
files = [
    {file = "pydantic-2.10.3-py3-none-any.whl", hash = "sha256:be04d85bbc7b65651c5f8e6b9976ed9c6f41782a55524cef079a34a0bb82144d"},
    {file = "pydantic-2.10.3.tar.gz", hash = "sha256:cb5ac360ce894ceacd69c403187900a02c4b20b693a9dd1d643e1effab9eadf9"},
]

[[package]]
name = "pydantic-core"
version = "2.27.1"
requires_python = ">=3.8"
summary = "Core functionality for Pydantic validation and serialization"
groups = ["default"]
dependencies = [
    "typing-extensions!=4.7.0,>=4.6.0",
]
files = [
    {file = "pydantic_core-2.27.1-cp313-cp313-macosx_10_12_x86_64.whl", hash = "sha256:f216dbce0e60e4d03e0c4353c7023b202d95cbaeff12e5fd2e82ea0a66905073"},
    {file = "pydantic_core-2.27.1-cp313-cp313-macosx_11_0_arm64.whl", hash = "sha256:a2e02889071850bbfd36b56fd6bc98945e23670773bc7a76657e90e6b6603c08"},
    {file = "pydantic_core-2.27.1-cp313-cp313-manylinux_2_17_aarch64.manylinux2014_aarch64.whl", hash = "sha256:42b0e23f119b2b456d07ca91b307ae167cc3f6c846a7b169fca5326e32fdc6cf"},
    {file = "pydantic_core-2.27.1-cp313-cp313-manylinux_2_17_armv7l.manylinux2014_armv7l.whl", hash = "sha256:764be71193f87d460a03f1f7385a82e226639732214b402f9aa61f0d025f0737"},
    {file = "pydantic_core-2.27.1-cp313-cp313-manylinux_2_17_ppc64le.manylinux2014_ppc64le.whl", hash = "sha256:1c00666a3bd2f84920a4e94434f5974d7bbc57e461318d6bb34ce9cdbbc1f6b2"},
    {file = "pydantic_core-2.27.1-cp313-cp313-manylinux_2_17_s390x.manylinux2014_s390x.whl", hash = "sha256:3ccaa88b24eebc0f849ce0a4d09e8a408ec5a94afff395eb69baf868f5183107"},
    {file = "pydantic_core-2.27.1-cp313-cp313-manylinux_2_17_x86_64.manylinux2014_x86_64.whl", hash = "sha256:c65af9088ac534313e1963443d0ec360bb2b9cba6c2909478d22c2e363d98a51"},
    {file = "pydantic_core-2.27.1-cp313-cp313-manylinux_2_5_i686.manylinux1_i686.whl", hash = "sha256:206b5cf6f0c513baffaeae7bd817717140770c74528f3e4c3e1cec7871ddd61a"},
    {file = "pydantic_core-2.27.1-cp313-cp313-musllinux_1_1_aarch64.whl", hash = "sha256:062f60e512fc7fff8b8a9d680ff0ddaaef0193dba9fa83e679c0c5f5fbd018bc"},
    {file = "pydantic_core-2.27.1-cp313-cp313-musllinux_1_1_armv7l.whl", hash = "sha256:a0697803ed7d4af5e4c1adf1670af078f8fcab7a86350e969f454daf598c4960"},
    {file = "pydantic_core-2.27.1-cp313-cp313-musllinux_1_1_x86_64.whl", hash = "sha256:58ca98a950171f3151c603aeea9303ef6c235f692fe555e883591103da709b23"},
    {file = "pydantic_core-2.27.1-cp313-none-win32.whl", hash = "sha256:8065914ff79f7eab1599bd80406681f0ad08f8e47c880f17b416c9f8f7a26d05"},
    {file = "pydantic_core-2.27.1-cp313-none-win_amd64.whl", hash = "sha256:ba630d5e3db74c79300d9a5bdaaf6200172b107f263c98a0539eeecb857b2337"},
    {file = "pydantic_core-2.27.1-cp313-none-win_arm64.whl", hash = "sha256:45cf8588c066860b623cd11c4ba687f8d7175d5f7ef65f7129df8a394c502de5"},
    {file = "pydantic_core-2.27.1.tar.gz", hash = "sha256:62a763352879b84aa31058fc931884055fd75089cccbd9d58bb6afd01141b235"},
]

[[package]]
name = "pydantic-settings"
version = "2.6.1"
requires_python = ">=3.8"
summary = "Settings management using Pydantic"
groups = ["default"]
dependencies = [
    "pydantic>=2.7.0",
    "python-dotenv>=0.21.0",
]
files = [
    {file = "pydantic_settings-2.6.1-py3-none-any.whl", hash = "sha256:7fb0637c786a558d3103436278a7c4f1cfd29ba8973238a50c5bb9a55387da87"},
    {file = "pydantic_settings-2.6.1.tar.gz", hash = "sha256:e0f92546d8a9923cb8941689abf85d6601a8c19a23e97a34b2964a2e3f813ca0"},
]

[[package]]
name = "python-dotenv"
version = "1.0.1"
requires_python = ">=3.8"
summary = "Read key-value pairs from a .env file and set them as environment variables"
groups = ["default"]
files = [
    {file = "python-dotenv-1.0.1.tar.gz", hash = "sha256:e324ee90a023d808f1959c46bcbc04446a10ced277783dc6ee09987c37ec10ca"},
    {file = "python_dotenv-1.0.1-py3-none-any.whl", hash = "sha256:f7b63ef50f1b690dddf550d03497b66d609393b40b564ed0d674909a68ebf16a"},
]

[[package]]
name = "python-telegram-bot"
version = "21.9"
requires_python = ">=3.9"
summary = "We have made you a wrapper you can't refuse"
groups = ["default"]
dependencies = [
    "httpx~=0.27",
]
files = [
    {file = "python_telegram_bot-21.9-py3-none-any.whl", hash = "sha256:6a5e71056fbd138c78dbdefa3c7834d77022622997c60003c9b442061ee91633"},
    {file = "python_telegram_bot-21.9.tar.gz", hash = "sha256:82588faca44069492b2aea7f3a5d6212e68884f296b9ccd444658d89170f158d"},
]

[[package]]
name = "pyyaml"
version = "6.0.2"
requires_python = ">=3.8"
summary = "YAML parser and emitter for Python"
groups = ["default"]
files = [
    {file = "PyYAML-6.0.2-cp313-cp313-macosx_10_13_x86_64.whl", hash = "sha256:efdca5630322a10774e8e98e1af481aad470dd62c3170801852d752aa7a783ba"},
    {file = "PyYAML-6.0.2-cp313-cp313-macosx_11_0_arm64.whl", hash = "sha256:50187695423ffe49e2deacb8cd10510bc361faac997de9efef88badc3bb9e2d1"},
    {file = "PyYAML-6.0.2-cp313-cp313-manylinux_2_17_aarch64.manylinux2014_aarch64.whl", hash = "sha256:0ffe8360bab4910ef1b9e87fb812d8bc0a308b0d0eef8c8f44e0254ab3b07133"},
    {file = "PyYAML-6.0.2-cp313-cp313-manylinux_2_17_s390x.manylinux2014_s390x.whl", hash = "sha256:17e311b6c678207928d649faa7cb0d7b4c26a0ba73d41e99c4fff6b6c3276484"},
    {file = "PyYAML-6.0.2-cp313-cp313-manylinux_2_17_x86_64.manylinux2014_x86_64.whl", hash = "sha256:70b189594dbe54f75ab3a1acec5f1e3faa7e8cf2f1e08d9b561cb41b845f69d5"},
    {file = "PyYAML-6.0.2-cp313-cp313-musllinux_1_1_aarch64.whl", hash = "sha256:41e4e3953a79407c794916fa277a82531dd93aad34e29c2a514c2c0c5fe971cc"},
    {file = "PyYAML-6.0.2-cp313-cp313-musllinux_1_1_x86_64.whl", hash = "sha256:68ccc6023a3400877818152ad9a1033e3db8625d899c72eacb5a668902e4d652"},
    {file = "PyYAML-6.0.2-cp313-cp313-win32.whl", hash = "sha256:bc2fa7c6b47d6bc618dd7fb02ef6fdedb1090ec036abab80d4681424b84c1183"},
    {file = "PyYAML-6.0.2-cp313-cp313-win_amd64.whl", hash = "sha256:8388ee1976c416731879ac16da0aff3f63b286ffdd57cdeb95f3f2e085687563"},
    {file = "pyyaml-6.0.2.tar.gz", hash = "sha256:d584d9ec91ad65861cc08d42e834324ef890a082e591037abe114850ff7bbc3e"},
]

[[package]]
name = "sniffio"
version = "1.3.1"
requires_python = ">=3.7"
summary = "Sniff out which async library your code is running under"
groups = ["default"]
files = [
    {file = "sniffio-1.3.1-py3-none-any.whl", hash = "sha256:2f6da418d1f1e0fddd844478f41680e794e6051915791a034ff65e5f100525a2"},
    {file = "sniffio-1.3.1.tar.gz", hash = "sha256:f4324edc670a0f49750a81b895f35c3adb843cca46f0530f79fc1babb23789dc"},
]

[[package]]
name = "starlette"
version = "0.41.3"
requires_python = ">=3.8"
summary = "The little ASGI library that shines."
groups = ["default"]
dependencies = [
    "anyio<5,>=3.4.0",
    "typing-extensions>=3.10.0; python_version < \"3.10\"",
]
files = [
    {file = "starlette-0.41.3-py3-none-any.whl", hash = "sha256:44cedb2b7c77a9de33a8b74b2b90e9f50d11fcf25d8270ea525ad71a25374ff7"},
    {file = "starlette-0.41.3.tar.gz", hash = "sha256:0e4ab3d16522a255be6b28260b938eae2482f98ce5cc934cb08dce8dc3ba5835"},
]

[[package]]
name = "typing-extensions"
version = "4.12.2"
requires_python = ">=3.8"
summary = "Backported and Experimental Type Hints for Python 3.8+"
groups = ["default"]
files = [
    {file = "typing_extensions-4.12.2-py3-none-any.whl", hash = "sha256:04e5ca0351e0f3f85c6853954072df659d0d13fac324d0072316b67d7794700d"},
    {file = "typing_extensions-4.12.2.tar.gz", hash = "sha256:1a7ead55c7e559dd4dee8856e3a88b41225abfe1ce8df57b7c13915fe121ffb8"},
]

[[package]]
name = "uvicorn"
version = "0.32.1"
requires_python = ">=3.8"
summary = "The lightning-fast ASGI server."
groups = ["default"]
dependencies = [
    "click>=7.0",
    "h11>=0.8",
    "typing-extensions>=4.0; python_version < \"3.11\"",
]
files = [
    {file = "uvicorn-0.32.1-py3-none-any.whl", hash = "sha256:82ad92fd58da0d12af7482ecdb5f2470a04c9c9a53ced65b9bbb4a205377602e"},
    {file = "uvicorn-0.32.1.tar.gz", hash = "sha256:ee9519c246a72b1c084cea8d3b44ed6026e78a4a309cbedae9c37e4cb9fbb175"},
]

[[package]]
name = "uvicorn"
version = "0.32.1"
extras = ["standard"]
requires_python = ">=3.8"
summary = "The lightning-fast ASGI server."
groups = ["default"]
dependencies = [
    "colorama>=0.4; sys_platform == \"win32\"",
    "httptools>=0.6.3",
    "python-dotenv>=0.13",
    "pyyaml>=5.1",
    "uvicorn==0.32.1",
    "uvloop!=0.15.0,!=0.15.1,>=0.14.0; (sys_platform != \"cygwin\" and sys_platform != \"win32\") and platform_python_implementation != \"PyPy\"",
    "watchfiles>=0.13",
    "websockets>=10.4",
]
files = [
    {file = "uvicorn-0.32.1-py3-none-any.whl", hash = "sha256:82ad92fd58da0d12af7482ecdb5f2470a04c9c9a53ced65b9bbb4a205377602e"},
    {file = "uvicorn-0.32.1.tar.gz", hash = "sha256:ee9519c246a72b1c084cea8d3b44ed6026e78a4a309cbedae9c37e4cb9fbb175"},
]

[[package]]
name = "uvloop"
version = "0.21.0"
requires_python = ">=3.8.0"
summary = "Fast implementation of asyncio event loop on top of libuv"
groups = ["default"]
marker = "(sys_platform != \"cygwin\" and sys_platform != \"win32\") and platform_python_implementation != \"PyPy\""
files = [
    {file = "uvloop-0.21.0-cp313-cp313-macosx_10_13_universal2.whl", hash = "sha256:bfd55dfcc2a512316e65f16e503e9e450cab148ef11df4e4e679b5e8253a5281"},
    {file = "uvloop-0.21.0-cp313-cp313-macosx_10_13_x86_64.whl", hash = "sha256:787ae31ad8a2856fc4e7c095341cccc7209bd657d0e71ad0dc2ea83c4a6fa8af"},
    {file = "uvloop-0.21.0-cp313-cp313-manylinux_2_17_aarch64.manylinux2014_aarch64.whl", hash = "sha256:5ee4d4ef48036ff6e5cfffb09dd192c7a5027153948d85b8da7ff705065bacc6"},
    {file = "uvloop-0.21.0-cp313-cp313-manylinux_2_17_x86_64.manylinux2014_x86_64.whl", hash = "sha256:f3df876acd7ec037a3d005b3ab85a7e4110422e4d9c1571d4fc89b0fc41b6816"},
    {file = "uvloop-0.21.0-cp313-cp313-musllinux_1_2_aarch64.whl", hash = "sha256:bd53ecc9a0f3d87ab847503c2e1552b690362e005ab54e8a48ba97da3924c0dc"},
    {file = "uvloop-0.21.0-cp313-cp313-musllinux_1_2_x86_64.whl", hash = "sha256:a5c39f217ab3c663dc699c04cbd50c13813e31d917642d459fdcec07555cc553"},
    {file = "uvloop-0.21.0.tar.gz", hash = "sha256:3bf12b0fda68447806a7ad847bfa591613177275d35b6724b1ee573faa3704e3"},
]

[[package]]
name = "watchfiles"
version = "1.0.3"
requires_python = ">=3.9"
summary = "Simple, modern and high performance file watching and code reload in python."
groups = ["default"]
dependencies = [
    "anyio>=3.0.0",
]
files = [
    {file = "watchfiles-1.0.3-cp313-cp313-macosx_10_12_x86_64.whl", hash = "sha256:e153a690b7255c5ced17895394b4f109d5dcc2a4f35cb809374da50f0e5c456a"},
    {file = "watchfiles-1.0.3-cp313-cp313-macosx_11_0_arm64.whl", hash = "sha256:ac1be85fe43b4bf9a251978ce5c3bb30e1ada9784290441f5423a28633a958a7"},
    {file = "watchfiles-1.0.3-cp313-cp313-manylinux_2_17_aarch64.manylinux2014_aarch64.whl", hash = "sha256:a2ec98e31e1844eac860e70d9247db9d75440fc8f5f679c37d01914568d18721"},
    {file = "watchfiles-1.0.3-cp313-cp313-manylinux_2_17_armv7l.manylinux2014_armv7l.whl", hash = "sha256:0179252846be03fa97d4d5f8233d1c620ef004855f0717712ae1c558f1974a16"},
    {file = "watchfiles-1.0.3-cp313-cp313-manylinux_2_17_i686.manylinux2014_i686.whl", hash = "sha256:995c374e86fa82126c03c5b4630c4e312327ecfe27761accb25b5e1d7ab50ec8"},
    {file = "watchfiles-1.0.3-cp313-cp313-manylinux_2_17_ppc64le.manylinux2014_ppc64le.whl", hash = "sha256:29b9cb35b7f290db1c31fb2fdf8fc6d3730cfa4bca4b49761083307f441cac5a"},
    {file = "watchfiles-1.0.3-cp313-cp313-manylinux_2_17_s390x.manylinux2014_s390x.whl", hash = "sha256:6f8dc09ae69af50bead60783180f656ad96bd33ffbf6e7a6fce900f6d53b08f1"},
    {file = "watchfiles-1.0.3-cp313-cp313-manylinux_2_17_x86_64.manylinux2014_x86_64.whl", hash = "sha256:489b80812f52a8d8c7b0d10f0d956db0efed25df2821c7a934f6143f76938bd6"},
    {file = "watchfiles-1.0.3-cp313-cp313-musllinux_1_1_aarch64.whl", hash = "sha256:228e2247de583475d4cebf6b9af5dc9918abb99d1ef5ee737155bb39fb33f3c0"},
    {file = "watchfiles-1.0.3-cp313-cp313-musllinux_1_1_x86_64.whl", hash = "sha256:1550be1a5cb3be08a3fb84636eaafa9b7119b70c71b0bed48726fd1d5aa9b868"},
    {file = "watchfiles-1.0.3-cp313-cp313-win32.whl", hash = "sha256:16db2d7e12f94818cbf16d4c8938e4d8aaecee23826344addfaaa671a1527b07"},
    {file = "watchfiles-1.0.3-cp313-cp313-win_amd64.whl", hash = "sha256:160eff7d1267d7b025e983ca8460e8cc67b328284967cbe29c05f3c3163711a3"},
    {file = "watchfiles-1.0.3.tar.gz", hash = "sha256:f3ff7da165c99a5412fe5dd2304dd2dbaaaa5da718aad942dcb3a178eaa70c56"},
]

[[package]]
name = "websockets"
version = "14.1"
requires_python = ">=3.9"
summary = "An implementation of the WebSocket Protocol (RFC 6455 & 7692)"
groups = ["default"]
files = [
    {file = "websockets-14.1-cp313-cp313-macosx_10_13_universal2.whl", hash = "sha256:3630b670d5057cd9e08b9c4dab6493670e8e762a24c2c94ef312783870736ab9"},
    {file = "websockets-14.1-cp313-cp313-macosx_10_13_x86_64.whl", hash = "sha256:36ebd71db3b89e1f7b1a5deaa341a654852c3518ea7a8ddfdf69cc66acc2db1b"},
    {file = "websockets-14.1-cp313-cp313-macosx_11_0_arm64.whl", hash = "sha256:5b918d288958dc3fa1c5a0b9aa3256cb2b2b84c54407f4813c45d52267600cd3"},
    {file = "websockets-14.1-cp313-cp313-manylinux_2_17_aarch64.manylinux2014_aarch64.whl", hash = "sha256:00fe5da3f037041da1ee0cf8e308374e236883f9842c7c465aa65098b1c9af59"},
    {file = "websockets-14.1-cp313-cp313-manylinux_2_5_i686.manylinux1_i686.manylinux_2_17_i686.manylinux2014_i686.whl", hash = "sha256:8149a0f5a72ca36720981418eeffeb5c2729ea55fa179091c81a0910a114a5d2"},
    {file = "websockets-14.1-cp313-cp313-manylinux_2_5_x86_64.manylinux1_x86_64.manylinux_2_17_x86_64.manylinux2014_x86_64.whl", hash = "sha256:77569d19a13015e840b81550922056acabc25e3f52782625bc6843cfa034e1da"},
    {file = "websockets-14.1-cp313-cp313-musllinux_1_2_aarch64.whl", hash = "sha256:cf5201a04550136ef870aa60ad3d29d2a59e452a7f96b94193bee6d73b8ad9a9"},
    {file = "websockets-14.1-cp313-cp313-musllinux_1_2_i686.whl", hash = "sha256:88cf9163ef674b5be5736a584c999e98daf3aabac6e536e43286eb74c126b9c7"},
    {file = "websockets-14.1-cp313-cp313-musllinux_1_2_x86_64.whl", hash = "sha256:836bef7ae338a072e9d1863502026f01b14027250a4545672673057997d5c05a"},
    {file = "websockets-14.1-cp313-cp313-win32.whl", hash = "sha256:0d4290d559d68288da9f444089fd82490c8d2744309113fc26e2da6e48b65da6"},
    {file = "websockets-14.1-cp313-cp313-win_amd64.whl", hash = "sha256:8621a07991add373c3c5c2cf89e1d277e49dc82ed72c75e3afc74bd0acc446f0"},
    {file = "websockets-14.1-py3-none-any.whl", hash = "sha256:4d4fc827a20abe6d544a119896f6b78ee13fe81cbfef416f3f2ddf09a03f0e2e"},
    {file = "websockets-14.1.tar.gz", hash = "sha256:398b10c77d471c0aab20a845e7a60076b6390bfdaac7a6d2edb0d2c59d75e8d8"},
]
